
Microsoft Visual Studio Solution File, Format Version 12.00
Project("{FAE04EC0-301F-11D3-BF4B-00C04F79EFBC}") = "HistoricalService", "HistoricalService\HistoricalService.csproj", "{328D720C-C094-47E4-8D43-97B9813E4267}"
EndProject
Project("{FAE04EC0-301F-11D3-BF4B-00C04F79EFBC}") = "HistoricalService.Tests", "HistoricalService.Tests\HistoricalService.Tests.csproj", "{95AFCFCC-2AD3-46B4-9928-3CDDFD68D3C0}"
EndProject
Global
	GlobalSection(SolutionConfigurationPlatforms) = preSolution
		Debug|Any CPU = Debug|Any CPU
		Release|Any CPU = Release|Any CPU
	EndGlobalSection
	GlobalSection(ProjectConfigurationPlatforms) = postSolution
		{328D720C-C094-47E4-8D43-97B9813E4267}.Debug|Any CPU.ActiveCfg = Debug|Any CPU
		{328D720C-C094-47E4-8D43-97B9813E4267}.Debug|Any CPU.Build.0 = Debug|Any CPU
		{328D720C-C094-47E4-8D43-97B9813E4267}.Release|Any CPU.ActiveCfg = Release|Any CPU
		{328D720C-C094-47E4-8D43-97B9813E4267}.Release|Any CPU.Build.0 = Release|Any CPU
		{95AFCFCC-2AD3-46B4-9928-3CDDFD68D3C0}.Debug|Any CPU.ActiveCfg = Debug|Any CPU
		{95AFCFCC-2AD3-46B4-9928-3CDDFD68D3C0}.Debug|Any CPU.Build.0 = Debug|Any CPU
		{95AFCFCC-2AD3-46B4-9928-3CDDFD68D3C0}.Release|Any CPU.ActiveCfg = Release|Any CPU
		{95AFCFCC-2AD3-46B4-9928-3CDDFD68D3C0}.Release|Any CPU.Build.0 = Release|Any CPU
	EndGlobalSection
EndGlobal
